// !$*UTF8*$!
{
	archiveVersion = 1;
	classes = {
	};
	objectVersion = 46;
	objects = {

/* Begin PBXBuildFile section */
		8227C56827F98147008B7CAF /* VideoData.m in Sources */ = {isa = PBXBuildFile; fileRef = 8227C56727F98147008B7CAF /* VideoData.m */; };
		8227C57027FA05B4008B7CAF /* DouYinPlayerCell.m in Sources */ = {isa = PBXBuildFile; fileRef = 8227C56F27FA05B4008B7CAF /* DouYinPlayerCell.m */; };
		8227C57327FA05C2008B7CAF /* DouYinControlView.m in Sources */ = {isa = PBXBuildFile; fileRef = 8227C57127FA05C2008B7CAF /* DouYinControlView.m */; };
		8227C57627FA08DA008B7CAF /* NSString+Size.m in Sources */ = {isa = PBXBuildFile; fileRef = 8227C57527FA08DA008B7CAF /* NSString+Size.m */; };
		82C35D4C27FC9AB600235B94 /* TabBarController.m in Sources */ = {isa = PBXBuildFile; fileRef = 82C35D4B27FC985700235B94 /* TabBarController.m */; };
		82C35D4F27FCA7D200235B94 /* FullControlView.m in Sources */ = {isa = PBXBuildFile; fileRef = 82C35D4D27FCA7D200235B94 /* FullControlView.m */; };
		8FCFD824EEA9B19F85F38EBD /* Pods_DouYin.framework in Frameworks */ = {isa = PBXBuildFile; fileRef = 9BEA628110EC389BAF90C49E /* Pods_DouYin.framework */; };
		B6D612167D5CB9C0F674DE38 /* DouYinBaseCell.m in Sources */ = {isa = PBXBuildFile; fileRef = B6D617CE2028FC2B371F7446 /* DouYinBaseCell.m */; };
		B6D617A259C8889BFB567B2E /* PreLoaderModel.m in Sources */ = {isa = PBXBuildFile; fileRef = B6D6101EF164960B5172BA47 /* PreLoaderModel.m */; };
		B6D61927BF8217C196773466 /* DouYinPlayerController.m in Sources */ = {isa = PBXBuildFile; fileRef = B6D6119F43A3EE000C1CAE87 /* DouYinPlayerController.m */; };
		B6D619697A387C4DB80D43FE /* PreLoaderManager.m in Sources */ = {isa = PBXBuildFile; fileRef = B6D618BA63D23945B4313B8A /* PreLoaderManager.m */; };
		B6D61AB21CEDFF01504044DD /* DouYinImageCell.m in Sources */ = {isa = PBXBuildFile; fileRef = B6D6100E7B290CD7FDB60078 /* DouYinImageCell.m */; };
		B9BEADCC1D253B97003303C1 /* main.m in Sources */ = {isa = PBXBuildFile; fileRef = B9BEADCB1D253B97003303C1 /* main.m */; };
		B9BEADCF1D253B97003303C1 /* AppDelegate.m in Sources */ = {isa = PBXBuildFile; fileRef = B9BEADCE1D253B97003303C1 /* AppDelegate.m */; };
		B9BEADD21D253B97003303C1 /* ViewController.m in Sources */ = {isa = PBXBuildFile; fileRef = B9BEADD11D253B97003303C1 /* ViewController.m */; };
		B9BEADD71D253B97003303C1 /* Assets.xcassets in Resources */ = {isa = PBXBuildFile; fileRef = B9BEADD61D253B97003303C1 /* Assets.xcassets */; };
		B9BEADDA1D253B97003303C1 /* LaunchScreen.storyboard in Resources */ = {isa = PBXBuildFile; fileRef = B9BEADD81D253B97003303C1 /* LaunchScreen.storyboard */; };
		B9BEADE51D253B97003303C1 /* DouYinTests.m in Sources */ = {isa = PBXBuildFile; fileRef = B9BEADE41D253B97003303C1 /* DouYinTests.m */; };
		B9DE85A21F6A523600577A7C /* MobileCoreServices.framework in Frameworks */ = {isa = PBXBuildFile; fileRef = B9DE85A11F6A523600577A7C /* MobileCoreServices.framework */; };
		B9DE85A41F6A523D00577A7C /* ImageIO.framework in Frameworks */ = {isa = PBXBuildFile; fileRef = B9DE85A31F6A523D00577A7C /* ImageIO.framework */; };
/* End PBXBuildFile section */

/* Begin PBXContainerItemProxy section */
		B9BEADE11D253B97003303C1 /* PBXContainerItemProxy */ = {
			isa = PBXContainerItemProxy;
			containerPortal = B9BEADBF1D253B97003303C1 /* Project object */;
			proxyType = 1;
			remoteGlobalIDString = B9BEADC61D253B97003303C1;
			remoteInfo = Demo;
		};
/* End PBXContainerItemProxy section */

/* Begin PBXFileReference section */
		05441EDCDA21191BBECC7C50 /* Pods-DouYin.debug.xcconfig */ = {isa = PBXFileReference; includeInIndex = 1; lastKnownFileType = text.xcconfig; name = "Pods-DouYin.debug.xcconfig"; path = "Pods/Target Support Files/Pods-DouYin/Pods-DouYin.debug.xcconfig"; sourceTree = "<group>"; };
		0C93B04B9AAC753151749DC8 /* Pods-Demo.release.xcconfig */ = {isa = PBXFileReference; includeInIndex = 1; lastKnownFileType = text.xcconfig; name = "Pods-Demo.release.xcconfig"; path = "Pods/Target Support Files/Pods-Demo/Pods-Demo.release.xcconfig"; sourceTree = "<group>"; };
		8227C56527F98147008B7CAF /* VideoData.h */ = {isa = PBXFileReference; fileEncoding = 4; lastKnownFileType = sourcecode.c.h; path = VideoData.h; sourceTree = "<group>"; };
		8227C56627F98147008B7CAF /* SourceURLs.h */ = {isa = PBXFileReference; fileEncoding = 4; lastKnownFileType = sourcecode.c.h; path = SourceURLs.h; sourceTree = "<group>"; };
		8227C56727F98147008B7CAF /* VideoData.m */ = {isa = PBXFileReference; fileEncoding = 4; lastKnownFileType = sourcecode.c.objc; path = VideoData.m; sourceTree = "<group>"; };
		8227C56E27FA05B4008B7CAF /* DouYinPlayerCell.h */ = {isa = PBXFileReference; fileEncoding = 4; lastKnownFileType = sourcecode.c.h; path = DouYinPlayerCell.h; sourceTree = "<group>"; };
		8227C56F27FA05B4008B7CAF /* DouYinPlayerCell.m */ = {isa = PBXFileReference; fileEncoding = 4; lastKnownFileType = sourcecode.c.objc; path = DouYinPlayerCell.m; sourceTree = "<group>"; };
		8227C57127FA05C2008B7CAF /* DouYinControlView.m */ = {isa = PBXFileReference; fileEncoding = 4; lastKnownFileType = sourcecode.c.objc; path = DouYinControlView.m; sourceTree = "<group>"; };
		8227C57227FA05C2008B7CAF /* DouYinControlView.h */ = {isa = PBXFileReference; fileEncoding = 4; lastKnownFileType = sourcecode.c.h; path = DouYinControlView.h; sourceTree = "<group>"; };
		8227C57427FA08DA008B7CAF /* NSString+Size.h */ = {isa = PBXFileReference; fileEncoding = 4; lastKnownFileType = sourcecode.c.h; path = "NSString+Size.h"; sourceTree = "<group>"; };
		8227C57527FA08DA008B7CAF /* NSString+Size.m */ = {isa = PBXFileReference; fileEncoding = 4; lastKnownFileType = sourcecode.c.objc; path = "NSString+Size.m"; sourceTree = "<group>"; };
		8227C57A27FA0AFE008B7CAF /* DonYinConstant.h */ = {isa = PBXFileReference; lastKnownFileType = sourcecode.c.h; path = DonYinConstant.h; sourceTree = "<group>"; };
		82C35D4A27FC985700235B94 /* TabBarController.h */ = {isa = PBXFileReference; lastKnownFileType = sourcecode.c.h; path = TabBarController.h; sourceTree = "<group>"; };
		82C35D4B27FC985700235B94 /* TabBarController.m */ = {isa = PBXFileReference; lastKnownFileType = sourcecode.c.objc; path = TabBarController.m; sourceTree = "<group>"; };
		82C35D4D27FCA7D200235B94 /* FullControlView.m */ = {isa = PBXFileReference; fileEncoding = 4; lastKnownFileType = sourcecode.c.objc; path = FullControlView.m; sourceTree = "<group>"; };
		82C35D4E27FCA7D200235B94 /* FullControlView.h */ = {isa = PBXFileReference; fileEncoding = 4; lastKnownFileType = sourcecode.c.h; path = FullControlView.h; sourceTree = "<group>"; };
		832524AD299CC22A9318A3CE /* Pods-DouYin.release.xcconfig */ = {isa = PBXFileReference; includeInIndex = 1; lastKnownFileType = text.xcconfig; name = "Pods-DouYin.release.xcconfig"; path = "Pods/Target Support Files/Pods-DouYin/Pods-DouYin.release.xcconfig"; sourceTree = "<group>"; };
		9BEA628110EC389BAF90C49E /* Pods_DouYin.framework */ = {isa = PBXFileReference; explicitFileType = wrapper.framework; includeInIndex = 0; path = Pods_DouYin.framework; sourceTree = BUILT_PRODUCTS_DIR; };
		B6D6100E7B290CD7FDB60078 /* DouYinImageCell.m */ = {isa = PBXFileReference; fileEncoding = 4; lastKnownFileType = sourcecode.c.objc; path = DouYinImageCell.m; sourceTree = "<group>"; };
		B6D6101EF164960B5172BA47 /* PreLoaderModel.m */ = {isa = PBXFileReference; fileEncoding = 4; lastKnownFileType = sourcecode.c.objc; path = PreLoaderModel.m; sourceTree = "<group>"; };
		B6D6119F43A3EE000C1CAE87 /* DouYinPlayerController.m */ = {isa = PBXFileReference; fileEncoding = 4; lastKnownFileType = sourcecode.c.objc; path = DouYinPlayerController.m; sourceTree = "<group>"; };
		B6D611AB981BE00BC9E67C80 /* DouYinPlayerController.h */ = {isa = PBXFileReference; fileEncoding = 4; lastKnownFileType = sourcecode.c.h; path = DouYinPlayerController.h; sourceTree = "<group>"; };
		B6D614FCC1F1E6FCEF01F6DB /* DouYinBaseCell.h */ = {isa = PBXFileReference; fileEncoding = 4; lastKnownFileType = sourcecode.c.h; path = DouYinBaseCell.h; sourceTree = "<group>"; };
		B6D61549A56B6276D084ECBD /* PreLoaderModel.h */ = {isa = PBXFileReference; fileEncoding = 4; lastKnownFileType = sourcecode.c.h; path = PreLoaderModel.h; sourceTree = "<group>"; };
		B6D615D8F6AE72A9E4A376C1 /* DouYinImageCell.h */ = {isa = PBXFileReference; fileEncoding = 4; lastKnownFileType = sourcecode.c.h; path = DouYinImageCell.h; sourceTree = "<group>"; };
		B6D617CE2028FC2B371F7446 /* DouYinBaseCell.m */ = {isa = PBXFileReference; fileEncoding = 4; lastKnownFileType = sourcecode.c.objc; path = DouYinBaseCell.m; sourceTree = "<group>"; };
		B6D618BA63D23945B4313B8A /* PreLoaderManager.m */ = {isa = PBXFileReference; fileEncoding = 4; lastKnownFileType = sourcecode.c.objc; path = PreLoaderManager.m; sourceTree = "<group>"; };
		B6D61B0DE0E918B240898439 /* Playable.h */ = {isa = PBXFileReference; fileEncoding = 4; lastKnownFileType = sourcecode.c.h; path = Playable.h; sourceTree = "<group>"; };
		B6D61BBD1A76BC55D1BF964F /* PreLoaderManager.h */ = {isa = PBXFileReference; fileEncoding = 4; lastKnownFileType = sourcecode.c.h; path = PreLoaderManager.h; sourceTree = "<group>"; };
		B9BEADC71D253B97003303C1 /* DouYin.app */ = {isa = PBXFileReference; explicitFileType = wrapper.application; includeInIndex = 0; path = DouYin.app; sourceTree = BUILT_PRODUCTS_DIR; };
		B9BEADCB1D253B97003303C1 /* main.m */ = {isa = PBXFileReference; lastKnownFileType = sourcecode.c.objc; path = main.m; sourceTree = "<group>"; };
		B9BEADCD1D253B97003303C1 /* AppDelegate.h */ = {isa = PBXFileReference; lastKnownFileType = sourcecode.c.h; path = AppDelegate.h; sourceTree = "<group>"; };
		B9BEADCE1D253B97003303C1 /* AppDelegate.m */ = {isa = PBXFileReference; lastKnownFileType = sourcecode.c.objc; path = AppDelegate.m; sourceTree = "<group>"; };
		B9BEADD01D253B97003303C1 /* ViewController.h */ = {isa = PBXFileReference; lastKnownFileType = sourcecode.c.h; path = ViewController.h; sourceTree = "<group>"; };
		B9BEADD11D253B97003303C1 /* ViewController.m */ = {isa = PBXFileReference; lastKnownFileType = sourcecode.c.objc; path = ViewController.m; sourceTree = "<group>"; };
		B9BEADD61D253B97003303C1 /* Assets.xcassets */ = {isa = PBXFileReference; lastKnownFileType = folder.assetcatalog; path = Assets.xcassets; sourceTree = "<group>"; };
		B9BEADD91D253B97003303C1 /* Base */ = {isa = PBXFileReference; lastKnownFileType = file.storyboard; name = Base; path = Base.lproj/LaunchScreen.storyboard; sourceTree = "<group>"; };
		B9BEADDB1D253B97003303C1 /* Info.plist */ = {isa = PBXFileReference; lastKnownFileType = text.plist.xml; path = Info.plist; sourceTree = "<group>"; };
		B9BEADE01D253B97003303C1 /* DouYinTests.xctest */ = {isa = PBXFileReference; explicitFileType = wrapper.cfbundle; includeInIndex = 0; path = DouYinTests.xctest; sourceTree = BUILT_PRODUCTS_DIR; };
		B9BEADE41D253B97003303C1 /* DouYinTests.m */ = {isa = PBXFileReference; lastKnownFileType = sourcecode.c.objc; path = DouYinTests.m; sourceTree = "<group>"; };
		B9BEADE61D253B97003303C1 /* Info.plist */ = {isa = PBXFileReference; lastKnownFileType = text.plist.xml; path = Info.plist; sourceTree = "<group>"; };
		B9DE85A11F6A523600577A7C /* MobileCoreServices.framework */ = {isa = PBXFileReference; lastKnownFileType = wrapper.framework; name = MobileCoreServices.framework; path = System/Library/Frameworks/MobileCoreServices.framework; sourceTree = SDKROOT; };
		B9DE85A31F6A523D00577A7C /* ImageIO.framework */ = {isa = PBXFileReference; lastKnownFileType = wrapper.framework; name = ImageIO.framework; path = System/Library/Frameworks/ImageIO.framework; sourceTree = SDKROOT; };
		D77E7D40B81E7A5863108530 /* Pods-Demo.debug.xcconfig */ = {isa = PBXFileReference; includeInIndex = 1; lastKnownFileType = text.xcconfig; name = "Pods-Demo.debug.xcconfig"; path = "Pods/Target Support Files/Pods-Demo/Pods-Demo.debug.xcconfig"; sourceTree = "<group>"; };
/* End PBXFileReference section */

/* Begin PBXFrameworksBuildPhase section */
		B9BEADC41D253B97003303C1 /* Frameworks */ = {
			isa = PBXFrameworksBuildPhase;
			buildActionMask = 2147483647;
			files = (
				B9DE85A41F6A523D00577A7C /* ImageIO.framework in Frameworks */,
				B9DE85A21F6A523600577A7C /* MobileCoreServices.framework in Frameworks */,
				8FCFD824EEA9B19F85F38EBD /* Pods_DouYin.framework in Frameworks */,
			);
			runOnlyForDeploymentPostprocessing = 0;
		};
		B9BEADDD1D253B97003303C1 /* Frameworks */ = {
			isa = PBXFrameworksBuildPhase;
			buildActionMask = 2147483647;
			files = (
			);
			runOnlyForDeploymentPostprocessing = 0;
		};
/* End PBXFrameworksBuildPhase section */

/* Begin PBXGroup section */
		09268CC64126FE7E65528C7C /* Frameworks */ = {
			isa = PBXGroup;
			children = (
				B9DE85A31F6A523D00577A7C /* ImageIO.framework */,
				B9DE85A11F6A523600577A7C /* MobileCoreServices.framework */,
				9BEA628110EC389BAF90C49E /* Pods_DouYin.framework */,
			);
			name = Frameworks;
			sourceTree = "<group>";
		};
		41B641E75737E36121115F77 /* Pods */ = {
			isa = PBXGroup;
			children = (
				D77E7D40B81E7A5863108530 /* Pods-Demo.debug.xcconfig */,
				0C93B04B9AAC753151749DC8 /* Pods-Demo.release.xcconfig */,
				05441EDCDA21191BBECC7C50 /* Pods-DouYin.debug.xcconfig */,
				832524AD299CC22A9318A3CE /* Pods-DouYin.release.xcconfig */,
			);
			name = Pods;
			sourceTree = "<group>";
		};
		8227C56927FA053B008B7CAF /* DouYin */ = {
			isa = PBXGroup;
			children = (
				82C35D4E27FCA7D200235B94 /* FullControlView.h */,
				82C35D4D27FCA7D200235B94 /* FullControlView.m */,
				8227C56E27FA05B4008B7CAF /* DouYinPlayerCell.h */,
				8227C56F27FA05B4008B7CAF /* DouYinPlayerCell.m */,
				8227C57227FA05C2008B7CAF /* DouYinControlView.h */,
				8227C57127FA05C2008B7CAF /* DouYinControlView.m */,
				B6D6119F43A3EE000C1CAE87 /* DouYinPlayerController.m */,
				B6D611AB981BE00BC9E67C80 /* DouYinPlayerController.h */,
				B6D6100E7B290CD7FDB60078 /* DouYinImageCell.m */,
				B6D615D8F6AE72A9E4A376C1 /* DouYinImageCell.h */,
				B6D617CE2028FC2B371F7446 /* DouYinBaseCell.m */,
				B6D614FCC1F1E6FCEF01F6DB /* DouYinBaseCell.h */,
			);
			path = DouYin;
			sourceTree = "<group>";
		};
		B9BEADBE1D253B97003303C1 = {
			isa = PBXGroup;
			children = (
				B9BEADC91D253B97003303C1 /* Source */,
				B9BEADE31D253B97003303C1 /* DouYinTests */,
				B9BEADC81D253B97003303C1 /* Products */,
				41B641E75737E36121115F77 /* Pods */,
				09268CC64126FE7E65528C7C /* Frameworks */,
			);
			sourceTree = "<group>";
		};
		B9BEADC81D253B97003303C1 /* Products */ = {
			isa = PBXGroup;
			children = (
				B9BEADC71D253B97003303C1 /* DouYin.app */,
				B9BEADE01D253B97003303C1 /* DouYinTests.xctest */,
			);
			name = Products;
			sourceTree = "<group>";
		};
		B9BEADC91D253B97003303C1 /* Source */ = {
			isa = PBXGroup;
			children = (
				8227C56927FA053B008B7CAF /* DouYin */,
				B9BEADCD1D253B97003303C1 /* AppDelegate.h */,
				B9BEADCE1D253B97003303C1 /* AppDelegate.m */,
				B9BEADD01D253B97003303C1 /* ViewController.h */,
				B9BEADD11D253B97003303C1 /* ViewController.m */,
				8227C56627F98147008B7CAF /* SourceURLs.h */,
				8227C56527F98147008B7CAF /* VideoData.h */,
				8227C56727F98147008B7CAF /* VideoData.m */,
				8227C57427FA08DA008B7CAF /* NSString+Size.h */,
				8227C57527FA08DA008B7CAF /* NSString+Size.m */,
				B6D618BA63D23945B4313B8A /* PreLoaderManager.m */,
				B6D61BBD1A76BC55D1BF964F /* PreLoaderManager.h */,
				B6D6101EF164960B5172BA47 /* PreLoaderModel.m */,
				B6D61549A56B6276D084ECBD /* PreLoaderModel.h */,
				82C35D4A27FC985700235B94 /* TabBarController.h */,
				82C35D4B27FC985700235B94 /* TabBarController.m */,
				B6D61B0DE0E918B240898439 /* Playable.h */,
				8227C57A27FA0AFE008B7CAF /* DonYinConstant.h */,
				B9BEADD61D253B97003303C1 /* Assets.xcassets */,
				B9BEADD81D253B97003303C1 /* LaunchScreen.storyboard */,
				B9BEADDB1D253B97003303C1 /* Info.plist */,
				B9BEADCA1D253B97003303C1 /* Supporting Files */,
			);
			path = Source;
			sourceTree = "<group>";
		};
		B9BEADCA1D253B97003303C1 /* Supporting Files */ = {
			isa = PBXGroup;
			children = (
				B9BEADCB1D253B97003303C1 /* main.m */,
			);
			name = "Supporting Files";
			sourceTree = "<group>";
		};
		B9BEADE31D253B97003303C1 /* DouYinTests */ = {
			isa = PBXGroup;
			children = (
				B9BEADE41D253B97003303C1 /* DouYinTests.m */,
				B9BEADE61D253B97003303C1 /* Info.plist */,
			);
			path = DouYinTests;
			sourceTree = "<group>";
		};
/* End PBXGroup section */

/* Begin PBXNativeTarget section */
		B9BEADC61D253B97003303C1 /* DouYin */ = {
			isa = PBXNativeTarget;
			buildConfigurationList = B9BEADE91D253B97003303C1 /* Build configuration list for PBXNativeTarget "DouYin" */;
			buildPhases = (
				9E6813B2A2A8513471C0CE21 /* [CP] Check Pods Manifest.lock */,
				B9BEADC31D253B97003303C1 /* Sources */,
				B9BEADC41D253B97003303C1 /* Frameworks */,
				B9BEADC51D253B97003303C1 /* Resources */,
				4A2F61CA604F3D468112D18B /* [CP] Embed Pods Frameworks */,
				823CFE1E5C39C6AB273C95B7 /* [CP] Copy Pods Resources */,
			);
			buildRules = (
			);
			dependencies = (
			);
			name = DouYin;
			productName = Demo;
			productReference = B9BEADC71D253B97003303C1 /* DouYin.app */;
			productType = "com.apple.product-type.application";
		};
		B9BEADDF1D253B97003303C1 /* DouYinTests */ = {
			isa = PBXNativeTarget;
			buildConfigurationList = B9BEADEC1D253B97003303C1 /* Build configuration list for PBXNativeTarget "DouYinTests" */;
			buildPhases = (
				B9BEADDC1D253B97003303C1 /* Sources */,
				B9BEADDD1D253B97003303C1 /* Frameworks */,
				B9BEADDE1D253B97003303C1 /* Resources */,
			);
			buildRules = (
			);
			dependencies = (
				B9BEADE21D253B97003303C1 /* PBXTargetDependency */,
			);
			name = DouYinTests;
			productName = DemoTests;
			productReference = B9BEADE01D253B97003303C1 /* DouYinTests.xctest */;
			productType = "com.apple.product-type.bundle.unit-test";
		};
/* End PBXNativeTarget section */

/* Begin PBXProject section */
		B9BEADBF1D253B97003303C1 /* Project object */ = {
			isa = PBXProject;
			attributes = {
				LastUpgradeCheck = 0800;
				ORGANIZATIONNAME = Jiangmingz;
				TargetAttributes = {
					B9BEADC61D253B97003303C1 = {
						CreatedOnToolsVersion = 8.0;
						DevelopmentTeam = D8RJFY6RH2;
						DevelopmentTeamName = "Feng Jing";
						ProvisioningStyle = Automatic;
					};
					B9BEADDF1D253B97003303C1 = {
						CreatedOnToolsVersion = 8.0;
						DevelopmentTeam = D8RJFY6RH2;
						DevelopmentTeamName = "Feng Jing";
						ProvisioningStyle = Automatic;
						TestTargetID = B9BEADC61D253B97003303C1;
					};
				};
			};
			buildConfigurationList = B9BEADC21D253B97003303C1 /* Build configuration list for PBXProject "DouYin" */;
			compatibilityVersion = "Xcode 3.2";
			developmentRegion = English;
			hasScannedForEncodings = 0;
			knownRegions = (
				English,
				en,
				Base,
			);
			mainGroup = B9BEADBE1D253B97003303C1;
			productRefGroup = B9BEADC81D253B97003303C1 /* Products */;
			projectDirPath = "";
			projectRoot = "";
			targets = (
				B9BEADC61D253B97003303C1 /* DouYin */,
				B9BEADDF1D253B97003303C1 /* DouYinTests */,
			);
		};
/* End PBXProject section */

/* Begin PBXResourcesBuildPhase section */
		B9BEADC51D253B97003303C1 /* Resources */ = {
			isa = PBXResourcesBuildPhase;
			buildActionMask = 2147483647;
			files = (
				B9BEADDA1D253B97003303C1 /* LaunchScreen.storyboard in Resources */,
				B9BEADD71D253B97003303C1 /* Assets.xcassets in Resources */,
			);
			runOnlyForDeploymentPostprocessing = 0;
		};
		B9BEADDE1D253B97003303C1 /* Resources */ = {
			isa = PBXResourcesBuildPhase;
			buildActionMask = 2147483647;
			files = (
			);
			runOnlyForDeploymentPostprocessing = 0;
		};
/* End PBXResourcesBuildPhase section */

/* Begin PBXShellScriptBuildPhase section */
		4A2F61CA604F3D468112D18B /* [CP] Embed Pods Frameworks */ = {
			isa = PBXShellScriptBuildPhase;
			buildActionMask = 2147483647;
			files = (
			);
			inputPaths = (
				"${PODS_ROOT}/Target Support Files/Pods-DouYin/Pods-DouYin-frameworks.sh",
				"${BUILT_PRODUCTS_DIR}/CocoaAsyncSocket/CocoaAsyncSocket.framework",
				"${BUILT_PRODUCTS_DIR}/KTVCocoaHTTPServer/KTVCocoaHTTPServer.framework",
				"${BUILT_PRODUCTS_DIR}/KTVHTTPCache/KTVHTTPCache.framework",
				"${BUILT_PRODUCTS_DIR}/MJRefresh/MJRefresh.framework",
				"${BUILT_PRODUCTS_DIR}/VVLayout/VVLayout.framework",
			);
			name = "[CP] Embed Pods Frameworks";
			outputPaths = (
				"${TARGET_BUILD_DIR}/${FRAMEWORKS_FOLDER_PATH}/CocoaAsyncSocket.framework",
				"${TARGET_BUILD_DIR}/${FRAMEWORKS_FOLDER_PATH}/KTVCocoaHTTPServer.framework",
				"${TARGET_BUILD_DIR}/${FRAMEWORKS_FOLDER_PATH}/KTVHTTPCache.framework",
				"${TARGET_BUILD_DIR}/${FRAMEWORKS_FOLDER_PATH}/MJRefresh.framework",
				"${TARGET_BUILD_DIR}/${FRAMEWORKS_FOLDER_PATH}/VVLayout.framework",
			);
			runOnlyForDeploymentPostprocessing = 0;
			shellPath = /bin/sh;
			shellScript = "\"${PODS_ROOT}/Target Support Files/Pods-DouYin/Pods-DouYin-frameworks.sh\"\n";
			showEnvVarsInLog = 0;
		};
		823CFE1E5C39C6AB273C95B7 /* [CP] Copy Pods Resources */ = {
			isa = PBXShellScriptBuildPhase;
			buildActionMask = 2147483647;
			files = (
			);
			inputPaths = (
				"${PODS_ROOT}/Target Support Files/Pods-DouYin/Pods-DouYin-resources.sh",
				"${PODS_ROOT}/ZFPlayer/ZFPlayer/Classes/ControlView/ZFPlayer.bundle",
			);
			name = "[CP] Copy Pods Resources";
			outputPaths = (
				"${TARGET_BUILD_DIR}/${UNLOCALIZED_RESOURCES_FOLDER_PATH}/ZFPlayer.bundle",
			);
			runOnlyForDeploymentPostprocessing = 0;
			shellPath = /bin/sh;
			shellScript = "\"${PODS_ROOT}/Target Support Files/Pods-DouYin/Pods-DouYin-resources.sh\"\n";
			showEnvVarsInLog = 0;
		};
		9E6813B2A2A8513471C0CE21 /* [CP] Check Pods Manifest.lock */ = {
			isa = PBXShellScriptBuildPhase;
			buildActionMask = 2147483647;
			files = (
			);
			inputPaths = (
				"${PODS_PODFILE_DIR_PATH}/Podfile.lock",
				"${PODS_ROOT}/Manifest.lock",
			);
			name = "[CP] Check Pods Manifest.lock";
			outputPaths = (
				"$(DERIVED_FILE_DIR)/Pods-DouYin-checkManifestLockResult.txt",
			);
			runOnlyForDeploymentPostprocessing = 0;
			shellPath = /bin/sh;
			shellScript = "diff \"${PODS_PODFILE_DIR_PATH}/Podfile.lock\" \"${PODS_ROOT}/Manifest.lock\" > /dev/null\nif [ $? != 0 ] ; then\n    # print error to STDERR\n    echo \"error: The sandbox is not in sync with the Podfile.lock. Run 'pod install' or update your CocoaPods installation.\" >&2\n    exit 1\nfi\n# This output is used by Xcode 'outputs' to avoid re-running this script phase.\necho \"SUCCESS\" > \"${SCRIPT_OUTPUT_FILE_0}\"\n";
			showEnvVarsInLog = 0;
		};
/* End PBXShellScriptBuildPhase section */

/* Begin PBXSourcesBuildPhase section */
		B9BEADC31D253B97003303C1 /* Sources */ = {
			isa = PBXSourcesBuildPhase;
			buildActionMask = 2147483647;
			files = (
				82C35D4C27FC9AB600235B94 /* TabBarController.m in Sources */,
				B9BEADD21D253B97003303C1 /* ViewController.m in Sources */,
				B9BEADCF1D253B97003303C1 /* AppDelegate.m in Sources */,
				8227C57327FA05C2008B7CAF /* DouYinControlView.m in Sources */,
				8227C57627FA08DA008B7CAF /* NSString+Size.m in Sources */,
				8227C56827F98147008B7CAF /* VideoData.m in Sources */,
				B9BEADCC1D253B97003303C1 /* main.m in Sources */,
				82C35D4F27FCA7D200235B94 /* FullControlView.m in Sources */,
				B6D619697A387C4DB80D43FE /* PreLoaderManager.m in Sources */,
				B6D617A259C8889BFB567B2E /* PreLoaderModel.m in Sources */,
				8227C57027FA05B4008B7CAF /* DouYinPlayerCell.m in Sources */,
				B6D61927BF8217C196773466 /* DouYinPlayerController.m in Sources */,
				B6D61AB21CEDFF01504044DD /* DouYinImageCell.m in Sources */,
				B6D612167D5CB9C0F674DE38 /* DouYinBaseCell.m in Sources */,
			);
			runOnlyForDeploymentPostprocessing = 0;
		};
		B9BEADDC1D253B97003303C1 /* Sources */ = {
			isa = PBXSourcesBuildPhase;
			buildActionMask = 2147483647;
			files = (
				B9BEADE51D253B97003303C1 /* DouYinTests.m in Sources */,
			);
			runOnlyForDeploymentPostprocessing = 0;
		};
/* End PBXSourcesBuildPhase section */

/* Begin PBXTargetDependency section */
		B9BEADE21D253B97003303C1 /* PBXTargetDependency */ = {
			isa = PBXTargetDependency;
			target = B9BEADC61D253B97003303C1 /* DouYin */;
			targetProxy = B9BEADE11D253B97003303C1 /* PBXContainerItemProxy */;
		};
/* End PBXTargetDependency section */

/* Begin PBXVariantGroup section */
		B9BEADD81D253B97003303C1 /* LaunchScreen.storyboard */ = {
			isa = PBXVariantGroup;
			children = (
				B9BEADD91D253B97003303C1 /* Base */,
			);
			name = LaunchScreen.storyboard;
			sourceTree = "<group>";
		};
/* End PBXVariantGroup section */

/* Begin XCBuildConfiguration section */
		B9BEADE71D253B97003303C1 /* Debug */ = {
			isa = XCBuildConfiguration;
			buildSettings = {
				ALWAYS_SEARCH_USER_PATHS = NO;
				CLANG_ANALYZER_NONNULL = YES;
				CLANG_CXX_LANGUAGE_STANDARD = "gnu++0x";
				CLANG_CXX_LIBRARY = "libc++";
				CLANG_ENABLE_MODULES = YES;
				CLANG_ENABLE_OBJC_ARC = YES;
				CLANG_WARN_BOOL_CONVERSION = YES;
				CLANG_WARN_CONSTANT_CONVERSION = YES;
				CLANG_WARN_DIRECT_OBJC_ISA_USAGE = YES_ERROR;
				CLANG_WARN_DOCUMENTATION_COMMENTS = YES;
				CLANG_WARN_EMPTY_BODY = YES;
				CLANG_WARN_ENUM_CONVERSION = YES;
				CLANG_WARN_INT_CONVERSION = YES;
				CLANG_WARN_OBJC_ROOT_CLASS = YES_ERROR;
				CLANG_WARN_UNREACHABLE_CODE = YES;
				CLANG_WARN__DUPLICATE_METHOD_MATCH = YES;
				"CODE_SIGN_IDENTITY[sdk=iphoneos*]" = "iPhone Developer";
				COPY_PHASE_STRIP = NO;
				DEBUG_INFORMATION_FORMAT = dwarf;
				ENABLE_STRICT_OBJC_MSGSEND = YES;
				ENABLE_TESTABILITY = YES;
				GCC_C_LANGUAGE_STANDARD = gnu99;
				GCC_DYNAMIC_NO_PIC = NO;
				GCC_NO_COMMON_BLOCKS = YES;
				GCC_OPTIMIZATION_LEVEL = 0;
				GCC_PREPROCESSOR_DEFINITIONS = (
					"DEBUG=1",
					"$(inherited)",
				);
				GCC_WARN_64_TO_32_BIT_CONVERSION = YES;
				GCC_WARN_ABOUT_RETURN_TYPE = YES_ERROR;
				GCC_WARN_UNDECLARED_SELECTOR = YES;
				GCC_WARN_UNINITIALIZED_AUTOS = YES_AGGRESSIVE;
				GCC_WARN_UNUSED_FUNCTION = YES;
				GCC_WARN_UNUSED_VARIABLE = YES;
				IPHONEOS_DEPLOYMENT_TARGET = 10.0;
				MTL_ENABLE_DEBUG_INFO = YES;
				ONLY_ACTIVE_ARCH = YES;
				SDKROOT = iphoneos;
			};
			name = Debug;
		};
		B9BEADE81D253B97003303C1 /* Release */ = {
			isa = XCBuildConfiguration;
			buildSettings = {
				ALWAYS_SEARCH_USER_PATHS = NO;
				CLANG_ANALYZER_NONNULL = YES;
				CLANG_CXX_LANGUAGE_STANDARD = "gnu++0x";
				CLANG_CXX_LIBRARY = "libc++";
				CLANG_ENABLE_MODULES = YES;
				CLANG_ENABLE_OBJC_ARC = YES;
				CLANG_WARN_BOOL_CONVERSION = YES;
				CLANG_WARN_CONSTANT_CONVERSION = YES;
				CLANG_WARN_DIRECT_OBJC_ISA_USAGE = YES_ERROR;
				CLANG_WARN_DOCUMENTATION_COMMENTS = YES;
				CLANG_WARN_EMPTY_BODY = YES;
				CLANG_WARN_ENUM_CONVERSION = YES;
				CLANG_WARN_INT_CONVERSION = YES;
				CLANG_WARN_OBJC_ROOT_CLASS = YES_ERROR;
				CLANG_WARN_UNREACHABLE_CODE = YES;
				CLANG_WARN__DUPLICATE_METHOD_MATCH = YES;
				"CODE_SIGN_IDENTITY[sdk=iphoneos*]" = "iPhone Developer";
				COPY_PHASE_STRIP = NO;
				DEBUG_INFORMATION_FORMAT = "dwarf-with-dsym";
				ENABLE_NS_ASSERTIONS = NO;
				ENABLE_STRICT_OBJC_MSGSEND = YES;
				GCC_C_LANGUAGE_STANDARD = gnu99;
				GCC_NO_COMMON_BLOCKS = YES;
				GCC_WARN_64_TO_32_BIT_CONVERSION = YES;
				GCC_WARN_ABOUT_RETURN_TYPE = YES_ERROR;
				GCC_WARN_UNDECLARED_SELECTOR = YES;
				GCC_WARN_UNINITIALIZED_AUTOS = YES_AGGRESSIVE;
				GCC_WARN_UNUSED_FUNCTION = YES;
				GCC_WARN_UNUSED_VARIABLE = YES;
				IPHONEOS_DEPLOYMENT_TARGET = 10.0;
				MTL_ENABLE_DEBUG_INFO = NO;
				SDKROOT = iphoneos;
				VALIDATE_PRODUCT = YES;
			};
			name = Release;
		};
		B9BEADEA1D253B97003303C1 /* Debug */ = {
			isa = XCBuildConfiguration;
			baseConfigurationReference = 05441EDCDA21191BBECC7C50 /* Pods-DouYin.debug.xcconfig */;
			buildSettings = {
				ASSETCATALOG_COMPILER_APPICON_NAME = AppIcon;
				INFOPLIST_FILE = Source/Info.plist;
				IPHONEOS_DEPLOYMENT_TARGET = 8.0;
				LD_RUNPATH_SEARCH_PATHS = "$(inherited) @executable_path/Frameworks";
				PRODUCT_BUNDLE_IDENTIFIER = com.waqu.douyin;
				PRODUCT_NAME = "$(TARGET_NAME)";
			};
			name = Debug;
		};
		B9BEADEB1D253B97003303C1 /* Release */ = {
			isa = XCBuildConfiguration;
			baseConfigurationReference = 832524AD299CC22A9318A3CE /* Pods-DouYin.release.xcconfig */;
			buildSettings = {
				ASSETCATALOG_COMPILER_APPICON_NAME = AppIcon;
				INFOPLIST_FILE = Source/Info.plist;
				IPHONEOS_DEPLOYMENT_TARGET = 8.0;
				LD_RUNPATH_SEARCH_PATHS = "$(inherited) @executable_path/Frameworks";
				PRODUCT_BUNDLE_IDENTIFIER = com.waqu.douyin;
				PRODUCT_NAME = "$(TARGET_NAME)";
			};
			name = Release;
		};
		B9BEADED1D253B97003303C1 /* Debug */ = {
			isa = XCBuildConfiguration;
			buildSettings = {
				BUNDLE_LOADER = "$(TEST_HOST)";
				INFOPLIST_FILE = DemoTests/Info.plist;
				LD_RUNPATH_SEARCH_PATHS = "$(inherited) @executable_path/Frameworks @loader_path/Frameworks";
				PRODUCT_BUNDLE_IDENTIFIER = waqu.com.DemoTests;
				PRODUCT_NAME = "$(TARGET_NAME)";
				TEST_HOST = "$(BUILT_PRODUCTS_DIR)/DouYin.app/DouYin";
			};
			name = Debug;
		};
		B9BEADEE1D253B97003303C1 /* Release */ = {
			isa = XCBuildConfiguration;
			buildSettings = {
				BUNDLE_LOADER = "$(TEST_HOST)";
				INFOPLIST_FILE = DemoTests/Info.plist;
				LD_RUNPATH_SEARCH_PATHS = "$(inherited) @executable_path/Frameworks @loader_path/Frameworks";
				PRODUCT_BUNDLE_IDENTIFIER = waqu.com.DemoTests;
				PRODUCT_NAME = "$(TARGET_NAME)";
				TEST_HOST = "$(BUILT_PRODUCTS_DIR)/DouYin.app/DouYin";
			};
			name = Release;
		};
/* End XCBuildConfiguration section */

/* Begin XCConfigurationList section */
		B9BEADC21D253B97003303C1 /* Build configuration list for PBXProject "DouYin" */ = {
			isa = XCConfigurationList;
			buildConfigurations = (
				B9BEADE71D253B97003303C1 /* Debug */,
				B9BEADE81D253B97003303C1 /* Release */,
			);
			defaultConfigurationIsVisible = 0;
			defaultConfigurationName = Release;
		};
		B9BEADE91D253B97003303C1 /* Build configuration list for PBXNativeTarget "DouYin" */ = {
			isa = XCConfigurationList;
			buildConfigurations = (
				B9BEADEA1D253B97003303C1 /* Debug */,
				B9BEADEB1D253B97003303C1 /* Release */,
			);
			defaultConfigurationIsVisible = 0;
			defaultConfigurationName = Release;
		};
		B9BEADEC1D253B97003303C1 /* Build configuration list for PBXNativeTarget "DouYinTests" */ = {
			isa = XCConfigurationList;
			buildConfigurations = (
				B9BEADED1D253B97003303C1 /* Debug */,
				B9BEADEE1D253B97003303C1 /* Release */,
			);
			defaultConfigurationIsVisible = 0;
			defaultConfigurationName = Release;
		};
/* End XCConfigurationList section */
	};
	rootObject = B9BEADBF1D253B97003303C1 /* Project object */;
}
